# This file is automatically @generated by Poetry 2.1.2 and should not be changed by hand.

[[package]]
name = "anyio"
version = "4.10.0"
description = "High-level concurrency and networking framework on top of asyncio or Trio"
optional = false
python-versions = ">=3.9"
groups = ["main"]
files = [
    {file = "anyio-4.10.0-py3-none-any.whl", hash = "sha256:60e474ac86736bbfd6f210f7a61218939c318f43f9972497381f1c5e930ed3d1"},
    {file = "anyio-4.10.0.tar.gz", hash = "sha256:3f3fae35c96039744587aa5b8371e7e8e603c0702999535961dd336026973ba6"},
]

[package.dependencies]
idna = ">=2.8"
sniffio = ">=1.1"
typing_extensions = {version = ">=4.5", markers = "python_version < \"3.13\""}

[package.extras]
trio = ["trio (>=0.26.1)"]

[[package]]
name = "certifi"
version = "2025.8.3"
description = "Python package for providing Mozilla's CA Bundle."
optional = false
python-versions = ">=3.7"
groups = ["main"]
files = [
    {file = "certifi-2025.8.3-py3-none-any.whl", hash = "sha256:f6c12493cfb1b06ba2ff328595af9350c65d6644968e5d3a2ffd78699af217a5"},
    {file = "certifi-2025.8.3.tar.gz", hash = "sha256:e564105f78ded564e3ae7c923924435e1daa7463faeab5bb932bc53ffae63407"},
]

[[package]]
name = "cinemagoer"
version = "2023.5.1"
description = "Python package to access the IMDb's database"
optional = false
python-versions = "*"
groups = ["main"]
files = [
    {file = "cinemagoer-2023.5.1-py3-none-any.whl", hash = "sha256:0c6bc00fbc56cbdd58bc3dbf00cf858770fc127929408460fb28ffe2ca99f83a"},
    {file = "cinemagoer-2023.5.1.tar.gz", hash = "sha256:5ce1d77ae6546701618f11e5b1556a19d18edecad1b6d7d96973ec34941b18f2"},
]

[package.dependencies]
lxml = "*"
SQLAlchemy = "*"

[package.extras]
dev = ["flake8", "flake8-isort", "pytest", "pytest-cov", "tox"]
doc = ["sphinx", "sphinx-rtd-theme"]

[[package]]
name = "greenlet"
version = "3.2.4"
description = "Lightweight in-process concurrent programming"
optional = false
python-versions = ">=3.9"
groups = ["main"]
markers = "python_version < \"3.14\" and (platform_machine == \"aarch64\" or platform_machine == \"ppc64le\" or platform_machine == \"x86_64\" or platform_machine == \"amd64\" or platform_machine == \"AMD64\" or platform_machine == \"win32\" or platform_machine == \"WIN32\")"
files = [
    {file = "greenlet-3.2.4-cp310-cp310-macosx_11_0_universal2.whl", hash = "sha256:8c68325b0d0acf8d91dde4e6f930967dd52a5302cd4062932a6b2e7c2969f47c"},
    {file = "greenlet-3.2.4-cp310-cp310-manylinux2014_aarch64.manylinux_2_17_aarch64.whl", hash = "sha256:94385f101946790ae13da500603491f04a76b6e4c059dab271b3ce2e283b2590"},
    {file = "greenlet-3.2.4-cp310-cp310-manylinux2014_ppc64le.manylinux_2_17_ppc64le.whl", hash = "sha256:f10fd42b5ee276335863712fa3da6608e93f70629c631bf77145021600abc23c"},
    {file = "greenlet-3.2.4-cp310-cp310-manylinux2014_s390x.manylinux_2_17_s390x.whl", hash = "sha256:c8c9e331e58180d0d83c5b7999255721b725913ff6bc6cf39fa2a45841a4fd4b"},
    {file = "greenlet-3.2.4-cp310-cp310-manylinux2014_x86_64.manylinux_2_17_x86_64.whl", hash = "sha256:58b97143c9cc7b86fc458f215bd0932f1757ce649e05b640fea2e79b54cedb31"},
    {file = "greenlet-3.2.4-cp310-cp310-manylinux_2_24_x86_64.manylinux_2_28_x86_64.whl", hash = "sha256:c2ca18a03a8cfb5b25bc1cbe20f3d9a4c80d8c3b13ba3df49ac3961af0b1018d"},
    {file = "greenlet-3.2.4-cp310-cp310-musllinux_1_1_aarch64.whl", hash = "sha256:9fe0a28a7b952a21e2c062cd5756d34354117796c6d9215a87f55e38d15402c5"},
    {file = "greenlet-3.2.4-cp310-cp310-musllinux_1_1_x86_64.whl", hash = "sha256:8854167e06950ca75b898b104b63cc646573aa5fef1353d4508ecdd1ee76254f"},
    {file = "greenlet-3.2.4-cp310-cp310-win_amd64.whl", hash = "sha256:73f49b5368b5359d04e18d15828eecc1806033db5233397748f4ca813ff1056c"},
    {file = "greenlet-3.2.4-cp311-cp311-macosx_11_0_universal2.whl", hash = "sha256:96378df1de302bc38e99c3a9aa311967b7dc80ced1dcc6f171e99842987882a2"},
    {file = "greenlet-3.2.4-cp311-cp311-manylinux2014_aarch64.manylinux_2_17_aarch64.whl", hash = "sha256:1ee8fae0519a337f2329cb78bd7a8e128ec0f881073d43f023c7b8d4831d5246"},
    {file = "greenlet-3.2.4-cp311-cp311-manylinux2014_ppc64le.manylinux_2_17_ppc64le.whl", hash = "sha256:94abf90142c2a18151632371140b3dba4dee031633fe614cb592dbb6c9e17bc3"},
    {file = "greenlet-3.2.4-cp311-cp311-manylinux2014_s390x.manylinux_2_17_s390x.whl", hash = "sha256:4d1378601b85e2e5171b99be8d2dc85f594c79967599328f95c1dc1a40f1c633"},
    {file = "greenlet-3.2.4-cp311-cp311-manylinux2014_x86_64.manylinux_2_17_x86_64.whl", hash = "sha256:0db5594dce18db94f7d1650d7489909b57afde4c580806b8d9203b6e79cdc079"},
    {file = "greenlet-3.2.4-cp311-cp311-manylinux_2_24_x86_64.manylinux_2_28_x86_64.whl", hash = "sha256:2523e5246274f54fdadbce8494458a2ebdcdbc7b802318466ac5606d3cded1f8"},
    {file = "greenlet-3.2.4-cp311-cp311-musllinux_1_1_aarch64.whl", hash = "sha256:1987de92fec508535687fb807a5cea1560f6196285a4cde35c100b8cd632cc52"},
    {file = "greenlet-3.2.4-cp311-cp311-musllinux_1_1_x86_64.whl", hash = "sha256:55e9c5affaa6775e2c6b67659f3a71684de4c549b3dd9afca3bc773533d284fa"},
    {file = "greenlet-3.2.4-cp311-cp311-win_amd64.whl", hash = "sha256:9c40adce87eaa9ddb593ccb0fa6a07caf34015a29bf8d344811665b573138db9"},
    {file = "greenlet-3.2.4-cp312-cp312-macosx_11_0_universal2.whl", hash = "sha256:3b67ca49f54cede0186854a008109d6ee71f66bd57bb36abd6d0a0267b540cdd"},
    {file = "greenlet-3.2.4-cp312-cp312-manylinux2014_aarch64.manylinux_2_17_aarch64.whl", hash = "sha256:ddf9164e7a5b08e9d22511526865780a576f19ddd00d62f8a665949327fde8bb"},
    {file = "greenlet-3.2.4-cp312-cp312-manylinux2014_ppc64le.manylinux_2_17_ppc64le.whl", hash = "sha256:f28588772bb5fb869a8eb331374ec06f24a83a9c25bfa1f38b6993afe9c1e968"},
    {file = "greenlet-3.2.4-cp312-cp312-manylinux2014_s390x.manylinux_2_17_s390x.whl", hash = "sha256:5c9320971821a7cb77cfab8d956fa8e39cd07ca44b6070db358ceb7f8797c8c9"},
    {file = "greenlet-3.2.4-cp312-cp312-manylinux2014_x86_64.manylinux_2_17_x86_64.whl", hash = "sha256:c60a6d84229b271d44b70fb6e5fa23781abb5d742af7b808ae3f6efd7c9c60f6"},
    {file = "greenlet-3.2.4-cp312-cp312-manylinux_2_24_x86_64.manylinux_2_28_x86_64.whl", hash = "sha256:3b3812d8d0c9579967815af437d96623f45c0f2ae5f04e366de62a12d83a8fb0"},
    {file = "greenlet-3.2.4-cp312-cp312-musllinux_1_1_aarch64.whl", hash = "sha256:abbf57b5a870d30c4675928c37278493044d7c14378350b3aa5d484fa65575f0"},
    {file = "greenlet-3.2.4-cp312-cp312-musllinux_1_1_x86_64.whl", hash = "sha256:20fb936b4652b6e307b8f347665e2c615540d4b42b3b4c8a321d8286da7e520f"},
    {file = "greenlet-3.2.4-cp312-cp312-win_amd64.whl", hash = "sha256:a7d4e128405eea3814a12cc2605e0e6aedb4035bf32697f72deca74de4105e02"},
    {file = "greenlet-3.2.4-cp313-cp313-macosx_11_0_universal2.whl", hash = "sha256:1a921e542453fe531144e91e1feedf12e07351b1cf6c9e8a3325ea600a715a31"},
    {file = "greenlet-3.2.4-cp313-cp313-manylinux2014_aarch64.manylinux_2_17_aarch64.whl", hash = "sha256:cd3c8e693bff0fff6ba55f140bf390fa92c994083f838fece0f63be121334945"},
    {file = "greenlet-3.2.4-cp313-cp313-manylinux2014_ppc64le.manylinux_2_17_ppc64le.whl", hash = "sha256:710638eb93b1fa52823aa91bf75326f9ecdfd5e0466f00789246a5280f4ba0fc"},
    {file = "greenlet-3.2.4-cp313-cp313-manylinux2014_s390x.manylinux_2_17_s390x.whl", hash = "sha256:c5111ccdc9c88f423426df3fd1811bfc40ed66264d35aa373420a34377efc98a"},
    {file = "greenlet-3.2.4-cp313-cp313-manylinux2014_x86_64.manylinux_2_17_x86_64.whl", hash = "sha256:d76383238584e9711e20ebe14db6c88ddcedc1829a9ad31a584389463b5aa504"},
    {file = "greenlet-3.2.4-cp313-cp313-manylinux_2_24_x86_64.manylinux_2_28_x86_64.whl", hash = "sha256:23768528f2911bcd7e475210822ffb5254ed10d71f4028387e5a99b4c6699671"},
    {file = "greenlet-3.2.4-cp313-cp313-musllinux_1_1_aarch64.whl", hash = "sha256:00fadb3fedccc447f517ee0d3fd8fe49eae949e1cd0f6a611818f4f6fb7dc83b"},
    {file = "greenlet-3.2.4-cp313-cp313-musllinux_1_1_x86_64.whl", hash = "sha256:d25c5091190f2dc0eaa3f950252122edbbadbb682aa7b1ef2f8af0f8c0afefae"},
    {file = "greenlet-3.2.4-cp313-cp313-win_amd64.whl", hash = "sha256:554b03b6e73aaabec3745364d6239e9e012d64c68ccd0b8430c64ccc14939a8b"},
    {file = "greenlet-3.2.4-cp314-cp314-macosx_11_0_universal2.whl", hash = "sha256:49a30d5fda2507ae77be16479bdb62a660fa51b1eb4928b524975b3bde77b3c0"},
    {file = "greenlet-3.2.4-cp314-cp314-manylinux2014_aarch64.manylinux_2_17_aarch64.whl", hash = "sha256:299fd615cd8fc86267b47597123e3f43ad79c9d8a22bebdce535e53550763e2f"},
    {file = "greenlet-3.2.4-cp314-cp314-manylinux2014_ppc64le.manylinux_2_17_ppc64le.whl", hash = "sha256:c17b6b34111ea72fc5a4e4beec9711d2226285f0386ea83477cbb97c30a3f3a5"},
    {file = "greenlet-3.2.4-cp314-cp314-manylinux2014_s390x.manylinux_2_17_s390x.whl", hash = "sha256:b4a1870c51720687af7fa3e7cda6d08d801dae660f75a76f3845b642b4da6ee1"},
    {file = "greenlet-3.2.4-cp314-cp314-manylinux2014_x86_64.manylinux_2_17_x86_64.whl", hash = "sha256:061dc4cf2c34852b052a8620d40f36324554bc192be474b9e9770e8c042fd735"},
    {file = "greenlet-3.2.4-cp314-cp314-manylinux_2_24_x86_64.manylinux_2_28_x86_64.whl", hash = "sha256:44358b9bf66c8576a9f57a590d5f5d6e72fa4228b763d0e43fee6d3b06d3a337"},
    {file = "greenlet-3.2.4-cp314-cp314-win_amd64.whl", hash = "sha256:e37ab26028f12dbb0ff65f29a8d3d44a765c61e729647bf2ddfbbed621726f01"},
    {file = "greenlet-3.2.4-cp39-cp39-macosx_11_0_universal2.whl", hash = "sha256:b6a7c19cf0d2742d0809a4c05975db036fdff50cd294a93632d6a310bf9ac02c"},
    {file = "greenlet-3.2.4-cp39-cp39-manylinux2014_aarch64.manylinux_2_17_aarch64.whl", hash = "sha256:27890167f55d2387576d1f41d9487ef171849ea0359ce1510ca6e06c8bece11d"},
    {file = "greenlet-3.2.4-cp39-cp39-manylinux2014_ppc64le.manylinux_2_17_ppc64le.whl", hash = "sha256:18d9260df2b5fbf41ae5139e1be4e796d99655f023a636cd0e11e6406cca7d58"},
    {file = "greenlet-3.2.4-cp39-cp39-manylinux2014_s390x.manylinux_2_17_s390x.whl", hash = "sha256:671df96c1f23c4a0d4077a325483c1503c96a1b7d9db26592ae770daa41233d4"},
    {file = "greenlet-3.2.4-cp39-cp39-manylinux2014_x86_64.manylinux_2_17_x86_64.whl", hash = "sha256:16458c245a38991aa19676900d48bd1a6f2ce3e16595051a4db9d012154e8433"},
    {file = "greenlet-3.2.4-cp39-cp39-manylinux_2_24_x86_64.manylinux_2_28_x86_64.whl", hash = "sha256:c9913f1a30e4526f432991f89ae263459b1c64d1608c0d22a5c79c287b3c70df"},
    {file = "greenlet-3.2.4-cp39-cp39-musllinux_1_1_aarch64.whl", hash = "sha256:b90654e092f928f110e0007f572007c9727b5265f7632c2fa7415b4689351594"},
    {file = "greenlet-3.2.4-cp39-cp39-musllinux_1_1_x86_64.whl", hash = "sha256:81701fd84f26330f0d5f4944d4e92e61afe6319dcd9775e39396e39d7c3e5f98"},
    {file = "greenlet-3.2.4-cp39-cp39-win32.whl", hash = "sha256:65458b409c1ed459ea899e939f0e1cdb14f58dbc803f2f93c5eab5694d32671b"},
    {file = "greenlet-3.2.4-cp39-cp39-win_amd64.whl", hash = "sha256:d2e685ade4dafd447ede19c31277a224a239a0a1a4eca4e6390efedf20260cfb"},
    {file = "greenlet-3.2.4.tar.gz", hash = "sha256:0dca0d95ff849f9a364385f36ab49f50065d76964944638be9691e1832e9f86d"},
]

[package.extras]
docs = ["Sphinx", "furo"]
test = ["objgraph", "psutil", "setuptools"]

[[package]]
name = "h11"
version = "0.16.0"
description = "A pure-Python, bring-your-own-I/O implementation of HTTP/1.1"
optional = false
python-versions = ">=3.8"
groups = ["main"]
files = [
    {file = "h11-0.16.0-py3-none-any.whl", hash = "sha256:63cf8bbe7522de3bf65932fda1d9c2772064ffb3dae62d55932da54b31cb6c86"},
    {file = "h11-0.16.0.tar.gz", hash = "sha256:4e35b956cf45792e4caa5885e69fba00bdbc6ffafbfa020300e549b208ee5ff1"},
]

[[package]]
name = "httpcore"
version = "1.0.9"
description = "A minimal low-level HTTP client."
optional = false
python-versions = ">=3.8"
groups = ["main"]
files = [
    {file = "httpcore-1.0.9-py3-none-any.whl", hash = "sha256:2d400746a40668fc9dec9810239072b40b4484b640a8c38fd654a024c7a1bf55"},
    {file = "httpcore-1.0.9.tar.gz", hash = "sha256:6e34463af53fd2ab5d807f399a9b45ea31c3dfa2276f15a2c3f00afff6e176e8"},
]

[package.dependencies]
certifi = "*"
h11 = ">=0.16"

[package.extras]
asyncio = ["anyio (>=4.0,<5.0)"]
http2 = ["h2 (>=3,<5)"]
socks = ["socksio (==1.*)"]
trio = ["trio (>=0.22.0,<1.0)"]

[[package]]
name = "httpx"
version = "0.28.1"
description = "The next generation HTTP client."
optional = false
python-versions = ">=3.8"
groups = ["main"]
files = [
    {file = "httpx-0.28.1-py3-none-any.whl", hash = "sha256:d909fcccc110f8c7faf814ca82a9a4d816bc5a6dbfea25d6591d6985b8ba59ad"},
    {file = "httpx-0.28.1.tar.gz", hash = "sha256:75e98c5f16b0f35b567856f597f06ff2270a374470a5c2392242528e3e3e42fc"},
]

[package.dependencies]
anyio = "*"
certifi = "*"
httpcore = "==1.*"
idna = "*"

[package.extras]
brotli = ["brotli ; platform_python_implementation == \"CPython\"", "brotlicffi ; platform_python_implementation != \"CPython\""]
cli = ["click (==8.*)", "pygments (==2.*)", "rich (>=10,<14)"]
http2 = ["h2 (>=3,<5)"]
socks = ["socksio (==1.*)"]
zstd = ["zstandard (>=0.18.0)"]

[[package]]
name = "idna"
version = "3.10"
description = "Internationalized Domain Names in Applications (IDNA)"
optional = false
python-versions = ">=3.6"
groups = ["main"]
files = [
    {file = "idna-3.10-py3-none-any.whl", hash = "sha256:946d195a0d259cbba61165e88e65941f16e9b36ea6ddb97f00452bae8b1287d3"},
    {file = "idna-3.10.tar.gz", hash = "sha256:12f65c9b470abda6dc35cf8e63cc574b1c52b11df2c86030af0ac09b01b13ea9"},
]

[package.extras]
all = ["flake8 (>=7.1.1)", "mypy (>=1.11.2)", "pytest (>=8.3.2)", "ruff (>=0.6.2)"]

[[package]]
name = "imdbpy"
version = "2022.7.9"
description = "IMDbPY is now cinemagoer"
optional = false
python-versions = "*"
groups = ["main"]
files = [
    {file = "IMDbPY-2022.7.9-py3-none-any.whl", hash = "sha256:371ea45dc12c96073efce8eb9a6fe3b004db588e3daafdc6a2a7cb68b752334c"},
    {file = "IMDbPY-2022.7.9.tar.gz", hash = "sha256:80a5edf8a87113ff22a44d00fd76d422c42cfeecd4ea820be33753b8f24bf4e6"},
]

[package.dependencies]
cinemagoer = "*"

[[package]]
name = "lxml"
version = "6.0.0"
description = "Powerful and Pythonic XML processing library combining libxml2/libxslt with the ElementTree API."
optional = false
python-versions = ">=3.8"
groups = ["main"]
files = [
    {file = "lxml-6.0.0-cp310-cp310-macosx_10_9_universal2.whl", hash = "sha256:35bc626eec405f745199200ccb5c6b36f202675d204aa29bb52e27ba2b71dea8"},
    {file = "lxml-6.0.0-cp310-cp310-macosx_10_9_x86_64.whl", hash = "sha256:246b40f8a4aec341cbbf52617cad8ab7c888d944bfe12a6abd2b1f6cfb6f6082"},
    {file = "lxml-6.0.0-cp310-cp310-manylinux2010_i686.manylinux2014_i686.manylinux_2_12_i686.manylinux_2_17_i686.whl", hash = "sha256:2793a627e95d119e9f1e19720730472f5543a6d84c50ea33313ce328d870f2dd"},
    {file = "lxml-6.0.0-cp310-cp310-manylinux2014_aarch64.manylinux_2_17_aarch64.whl", hash = "sha256:46b9ed911f36bfeb6338e0b482e7fe7c27d362c52fde29f221fddbc9ee2227e7"},
    {file = "lxml-6.0.0-cp310-cp310-manylinux2014_x86_64.manylinux_2_17_x86_64.whl", hash = "sha256:2b4790b558bee331a933e08883c423f65bbcd07e278f91b2272489e31ab1e2b4"},
    {file = "lxml-6.0.0-cp310-cp310-manylinux_2_27_aarch64.manylinux_2_28_aarch64.whl", hash = "sha256:e2030956cf4886b10be9a0285c6802e078ec2391e1dd7ff3eb509c2c95a69b76"},
    {file = "lxml-6.0.0-cp310-cp310-manylinux_2_27_x86_64.manylinux_2_28_x86_64.whl", hash = "sha256:4d23854ecf381ab1facc8f353dcd9adeddef3652268ee75297c1164c987c11dc"},
    {file = "lxml-6.0.0-cp310-cp310-manylinux_2_31_armv7l.whl", hash = "sha256:43fe5af2d590bf4691531b1d9a2495d7aab2090547eaacd224a3afec95706d76"},
    {file = "lxml-6.0.0-cp310-cp310-musllinux_1_2_aarch64.whl", hash = "sha256:74e748012f8c19b47f7d6321ac929a9a94ee92ef12bc4298c47e8b7219b26541"},
    {file = "lxml-6.0.0-cp310-cp310-musllinux_1_2_armv7l.whl", hash = "sha256:43cfbb7db02b30ad3926e8fceaef260ba2fb7df787e38fa2df890c1ca7966c3b"},
    {file = "lxml-6.0.0-cp310-cp310-musllinux_1_2_x86_64.whl", hash = "sha256:34190a1ec4f1e84af256495436b2d196529c3f2094f0af80202947567fdbf2e7"},
    {file = "lxml-6.0.0-cp310-cp310-win32.whl", hash = "sha256:5967fe415b1920a3877a4195e9a2b779249630ee49ece22021c690320ff07452"},
    {file = "lxml-6.0.0-cp310-cp310-win_amd64.whl", hash = "sha256:f3389924581d9a770c6caa4df4e74b606180869043b9073e2cec324bad6e306e"},
    {file = "lxml-6.0.0-cp310-cp310-win_arm64.whl", hash = "sha256:522fe7abb41309e9543b0d9b8b434f2b630c5fdaf6482bee642b34c8c70079c8"},
    {file = "lxml-6.0.0-cp311-cp311-macosx_10_9_universal2.whl", hash = "sha256:4ee56288d0df919e4aac43b539dd0e34bb55d6a12a6562038e8d6f3ed07f9e36"},
    {file = "lxml-6.0.0-cp311-cp311-macosx_10_9_x86_64.whl", hash = "sha256:b8dd6dd0e9c1992613ccda2bcb74fc9d49159dbe0f0ca4753f37527749885c25"},
    {file = "lxml-6.0.0-cp311-cp311-manylinux2010_i686.manylinux2014_i686.manylinux_2_12_i686.manylinux_2_17_i686.whl", hash = "sha256:d7ae472f74afcc47320238b5dbfd363aba111a525943c8a34a1b657c6be934c3"},
    {file = "lxml-6.0.0-cp311-cp311-manylinux2014_aarch64.manylinux_2_17_aarch64.whl", hash = "sha256:5592401cdf3dc682194727c1ddaa8aa0f3ddc57ca64fd03226a430b955eab6f6"},
    {file = "lxml-6.0.0-cp311-cp311-manylinux2014_x86_64.manylinux_2_17_x86_64.whl", hash = "sha256:58ffd35bd5425c3c3b9692d078bf7ab851441434531a7e517c4984d5634cd65b"},
    {file = "lxml-6.0.0-cp311-cp311-manylinux_2_27_aarch64.manylinux_2_28_aarch64.whl", hash = "sha256:f720a14aa102a38907c6d5030e3d66b3b680c3e6f6bc95473931ea3c00c59967"},
    {file = "lxml-6.0.0-cp311-cp311-manylinux_2_27_x86_64.manylinux_2_28_x86_64.whl", hash = "sha256:c2a5e8d207311a0170aca0eb6b160af91adc29ec121832e4ac151a57743a1e1e"},
    {file = "lxml-6.0.0-cp311-cp311-manylinux_2_31_armv7l.whl", hash = "sha256:2dd1cc3ea7e60bfb31ff32cafe07e24839df573a5e7c2d33304082a5019bcd58"},
    {file = "lxml-6.0.0-cp311-cp311-musllinux_1_2_aarch64.whl", hash = "sha256:2cfcf84f1defed7e5798ef4f88aa25fcc52d279be731ce904789aa7ccfb7e8d2"},
    {file = "lxml-6.0.0-cp311-cp311-musllinux_1_2_armv7l.whl", hash = "sha256:a52a4704811e2623b0324a18d41ad4b9fabf43ce5ff99b14e40a520e2190c851"},
    {file = "lxml-6.0.0-cp311-cp311-musllinux_1_2_x86_64.whl", hash = "sha256:c16304bba98f48a28ae10e32a8e75c349dd742c45156f297e16eeb1ba9287a1f"},
    {file = "lxml-6.0.0-cp311-cp311-win32.whl", hash = "sha256:f8d19565ae3eb956d84da3ef367aa7def14a2735d05bd275cd54c0301f0d0d6c"},
    {file = "lxml-6.0.0-cp311-cp311-win_amd64.whl", hash = "sha256:b2d71cdefda9424adff9a3607ba5bbfc60ee972d73c21c7e3c19e71037574816"},
    {file = "lxml-6.0.0-cp311-cp311-win_arm64.whl", hash = "sha256:8a2e76efbf8772add72d002d67a4c3d0958638696f541734304c7f28217a9cab"},
    {file = "lxml-6.0.0-cp312-cp312-macosx_10_13_universal2.whl", hash = "sha256:78718d8454a6e928470d511bf8ac93f469283a45c354995f7d19e77292f26108"},
    {file = "lxml-6.0.0-cp312-cp312-macosx_10_13_x86_64.whl", hash = "sha256:84ef591495ffd3f9dcabffd6391db7bb70d7230b5c35ef5148354a134f56f2be"},
    {file = "lxml-6.0.0-cp312-cp312-manylinux2010_i686.manylinux2014_i686.manylinux_2_12_i686.manylinux_2_17_i686.whl", hash = "sha256:2930aa001a3776c3e2601cb8e0a15d21b8270528d89cc308be4843ade546b9ab"},
    {file = "lxml-6.0.0-cp312-cp312-manylinux2014_aarch64.manylinux_2_17_aarch64.whl", hash = "sha256:219e0431ea8006e15005767f0351e3f7f9143e793e58519dc97fe9e07fae5563"},
    {file = "lxml-6.0.0-cp312-cp312-manylinux2014_x86_64.manylinux_2_17_x86_64.whl", hash = "sha256:bd5913b4972681ffc9718bc2d4c53cde39ef81415e1671ff93e9aa30b46595e7"},
    {file = "lxml-6.0.0-cp312-cp312-manylinux_2_27_aarch64.manylinux_2_28_aarch64.whl", hash = "sha256:390240baeb9f415a82eefc2e13285016f9c8b5ad71ec80574ae8fa9605093cd7"},
    {file = "lxml-6.0.0-cp312-cp312-manylinux_2_27_ppc64le.manylinux_2_28_ppc64le.whl", hash = "sha256:d6e200909a119626744dd81bae409fc44134389e03fbf1d68ed2a55a2fb10991"},
    {file = "lxml-6.0.0-cp312-cp312-manylinux_2_27_x86_64.manylinux_2_28_x86_64.whl", hash = "sha256:ca50bd612438258a91b5b3788c6621c1f05c8c478e7951899f492be42defc0da"},
    {file = "lxml-6.0.0-cp312-cp312-manylinux_2_31_armv7l.whl", hash = "sha256:c24b8efd9c0f62bad0439283c2c795ef916c5a6b75f03c17799775c7ae3c0c9e"},
    {file = "lxml-6.0.0-cp312-cp312-musllinux_1_2_aarch64.whl", hash = "sha256:afd27d8629ae94c5d863e32ab0e1d5590371d296b87dae0a751fb22bf3685741"},
    {file = "lxml-6.0.0-cp312-cp312-musllinux_1_2_armv7l.whl", hash = "sha256:54c4855eabd9fc29707d30141be99e5cd1102e7d2258d2892314cf4c110726c3"},
    {file = "lxml-6.0.0-cp312-cp312-musllinux_1_2_ppc64le.whl", hash = "sha256:c907516d49f77f6cd8ead1322198bdfd902003c3c330c77a1c5f3cc32a0e4d16"},
    {file = "lxml-6.0.0-cp312-cp312-musllinux_1_2_x86_64.whl", hash = "sha256:36531f81c8214e293097cd2b7873f178997dae33d3667caaae8bdfb9666b76c0"},
    {file = "lxml-6.0.0-cp312-cp312-win32.whl", hash = "sha256:690b20e3388a7ec98e899fd54c924e50ba6693874aa65ef9cb53de7f7de9d64a"},
    {file = "lxml-6.0.0-cp312-cp312-win_amd64.whl", hash = "sha256:310b719b695b3dd442cdfbbe64936b2f2e231bb91d998e99e6f0daf991a3eba3"},
    {file = "lxml-6.0.0-cp312-cp312-win_arm64.whl", hash = "sha256:8cb26f51c82d77483cdcd2b4a53cda55bbee29b3c2f3ddeb47182a2a9064e4eb"},
    {file = "lxml-6.0.0-cp313-cp313-macosx_10_13_universal2.whl", hash = "sha256:6da7cd4f405fd7db56e51e96bff0865b9853ae70df0e6720624049da76bde2da"},
    {file = "lxml-6.0.0-cp313-cp313-macosx_10_13_x86_64.whl", hash = "sha256:b34339898bb556a2351a1830f88f751679f343eabf9cf05841c95b165152c9e7"},
    {file = "lxml-6.0.0-cp313-cp313-manylinux2010_i686.manylinux2014_i686.manylinux_2_12_i686.manylinux_2_17_i686.whl", hash = "sha256:51a5e4c61a4541bd1cd3ba74766d0c9b6c12d6a1a4964ef60026832aac8e79b3"},
    {file = "lxml-6.0.0-cp313-cp313-manylinux2014_aarch64.manylinux_2_17_aarch64.whl", hash = "sha256:d18a25b19ca7307045581b18b3ec9ead2b1db5ccd8719c291f0cd0a5cec6cb81"},
    {file = "lxml-6.0.0-cp313-cp313-manylinux2014_x86_64.manylinux_2_17_x86_64.whl", hash = "sha256:d4f0c66df4386b75d2ab1e20a489f30dc7fd9a06a896d64980541506086be1f1"},
    {file = "lxml-6.0.0-cp313-cp313-manylinux_2_27_aarch64.manylinux_2_28_aarch64.whl", hash = "sha256:9f4b481b6cc3a897adb4279216695150bbe7a44c03daba3c894f49d2037e0a24"},
    {file = "lxml-6.0.0-cp313-cp313-manylinux_2_27_ppc64le.manylinux_2_28_ppc64le.whl", hash = "sha256:8a78d6c9168f5bcb20971bf3329c2b83078611fbe1f807baadc64afc70523b3a"},
    {file = "lxml-6.0.0-cp313-cp313-manylinux_2_27_x86_64.manylinux_2_28_x86_64.whl", hash = "sha256:2ae06fbab4f1bb7db4f7c8ca9897dc8db4447d1a2b9bee78474ad403437bcc29"},
    {file = "lxml-6.0.0-cp313-cp313-manylinux_2_31_armv7l.whl", hash = "sha256:1fa377b827ca2023244a06554c6e7dc6828a10aaf74ca41965c5d8a4925aebb4"},
    {file = "lxml-6.0.0-cp313-cp313-musllinux_1_2_aarch64.whl", hash = "sha256:1676b56d48048a62ef77a250428d1f31f610763636e0784ba67a9740823988ca"},
    {file = "lxml-6.0.0-cp313-cp313-musllinux_1_2_armv7l.whl", hash = "sha256:0e32698462aacc5c1cf6bdfebc9c781821b7e74c79f13e5ffc8bfe27c42b1abf"},
    {file = "lxml-6.0.0-cp313-cp313-musllinux_1_2_ppc64le.whl", hash = "sha256:4d6036c3a296707357efb375cfc24bb64cd955b9ec731abf11ebb1e40063949f"},
    {file = "lxml-6.0.0-cp313-cp313-musllinux_1_2_x86_64.whl", hash = "sha256:7488a43033c958637b1a08cddc9188eb06d3ad36582cebc7d4815980b47e27ef"},
    {file = "lxml-6.0.0-cp313-cp313-win32.whl", hash = "sha256:5fcd7d3b1d8ecb91445bd71b9c88bdbeae528fefee4f379895becfc72298d181"},
    {file = "lxml-6.0.0-cp313-cp313-win_amd64.whl", hash = "sha256:2f34687222b78fff795feeb799a7d44eca2477c3d9d3a46ce17d51a4f383e32e"},
    {file = "lxml-6.0.0-cp313-cp313-win_arm64.whl", hash = "sha256:21db1ec5525780fd07251636eb5f7acb84003e9382c72c18c542a87c416ade03"},
    {file = "lxml-6.0.0-cp38-cp38-macosx_10_9_x86_64.whl", hash = "sha256:4eb114a0754fd00075c12648d991ec7a4357f9cb873042cc9a77bf3a7e30c9db"},
    {file = "lxml-6.0.0-cp38-cp38-manylinux2010_i686.manylinux2014_i686.manylinux_2_12_i686.manylinux_2_17_i686.whl", hash = "sha256:7da298e1659e45d151b4028ad5c7974917e108afb48731f4ed785d02b6818994"},
    {file = "lxml-6.0.0-cp38-cp38-manylinux2014_x86_64.manylinux_2_17_x86_64.whl", hash = "sha256:7bf61bc4345c1895221357af8f3e89f8c103d93156ef326532d35c707e2fb19d"},
    {file = "lxml-6.0.0-cp38-cp38-manylinux_2_27_x86_64.manylinux_2_28_x86_64.whl", hash = "sha256:63b634facdfbad421d4b61c90735688465d4ab3a8853ac22c76ccac2baf98d97"},
    {file = "lxml-6.0.0-cp38-cp38-musllinux_1_2_x86_64.whl", hash = "sha256:e380e85b93f148ad28ac15f8117e2fd8e5437aa7732d65e260134f83ce67911b"},
    {file = "lxml-6.0.0-cp38-cp38-win32.whl", hash = "sha256:185efc2fed89cdd97552585c624d3c908f0464090f4b91f7d92f8ed2f3b18f54"},
    {file = "lxml-6.0.0-cp38-cp38-win_amd64.whl", hash = "sha256:f97487996a39cb18278ca33f7be98198f278d0bc3c5d0fd4d7b3d63646ca3c8a"},
    {file = "lxml-6.0.0-cp39-cp39-macosx_10_9_universal2.whl", hash = "sha256:85b14a4689d5cff426c12eefe750738648706ea2753b20c2f973b2a000d3d261"},
    {file = "lxml-6.0.0-cp39-cp39-macosx_10_9_x86_64.whl", hash = "sha256:f64ccf593916e93b8d36ed55401bb7fe9c7d5de3180ce2e10b08f82a8f397316"},
    {file = "lxml-6.0.0-cp39-cp39-manylinux2010_i686.manylinux2014_i686.manylinux_2_12_i686.manylinux_2_17_i686.whl", hash = "sha256:b372d10d17a701b0945f67be58fae4664fd056b85e0ff0fbc1e6c951cdbc0512"},
    {file = "lxml-6.0.0-cp39-cp39-manylinux2014_aarch64.manylinux_2_17_aarch64.whl", hash = "sha256:a674c0948789e9136d69065cc28009c1b1874c6ea340253db58be7622ce6398f"},
    {file = "lxml-6.0.0-cp39-cp39-manylinux2014_x86_64.manylinux_2_17_x86_64.whl", hash = "sha256:edf6e4c8fe14dfe316939711e3ece3f9a20760aabf686051b537a7562f4da91a"},
    {file = "lxml-6.0.0-cp39-cp39-manylinux_2_27_aarch64.manylinux_2_28_aarch64.whl", hash = "sha256:048a930eb4572829604982e39a0c7289ab5dc8abc7fc9f5aabd6fbc08c154e93"},
    {file = "lxml-6.0.0-cp39-cp39-manylinux_2_27_x86_64.manylinux_2_28_x86_64.whl", hash = "sha256:c0b5fa5eda84057a4f1bbb4bb77a8c28ff20ae7ce211588d698ae453e13c6281"},
    {file = "lxml-6.0.0-cp39-cp39-manylinux_2_31_armv7l.whl", hash = "sha256:c352fc8f36f7e9727db17adbf93f82499457b3d7e5511368569b4c5bd155a922"},
    {file = "lxml-6.0.0-cp39-cp39-musllinux_1_2_aarch64.whl", hash = "sha256:8db5dc617cb937ae17ff3403c3a70a7de9df4852a046f93e71edaec678f721d0"},
    {file = "lxml-6.0.0-cp39-cp39-musllinux_1_2_armv7l.whl", hash = "sha256:2181e4b1d07dde53986023482673c0f1fba5178ef800f9ab95ad791e8bdded6a"},
    {file = "lxml-6.0.0-cp39-cp39-musllinux_1_2_x86_64.whl", hash = "sha256:b3c98d5b24c6095e89e03d65d5c574705be3d49c0d8ca10c17a8a4b5201b72f5"},
    {file = "lxml-6.0.0-cp39-cp39-win32.whl", hash = "sha256:04d67ceee6db4bcb92987ccb16e53bef6b42ced872509f333c04fb58a3315256"},
    {file = "lxml-6.0.0-cp39-cp39-win_amd64.whl", hash = "sha256:e0b1520ef900e9ef62e392dd3d7ae4f5fa224d1dd62897a792cf353eb20b6cae"},
    {file = "lxml-6.0.0-cp39-cp39-win_arm64.whl", hash = "sha256:e35e8aaaf3981489f42884b59726693de32dabfc438ac10ef4eb3409961fd402"},
    {file = "lxml-6.0.0-pp310-pypy310_pp73-macosx_10_15_x86_64.whl", hash = "sha256:dbdd7679a6f4f08152818043dbb39491d1af3332128b3752c3ec5cebc0011a72"},
    {file = "lxml-6.0.0-pp310-pypy310_pp73-manylinux2014_aarch64.manylinux_2_17_aarch64.whl", hash = "sha256:40442e2a4456e9910875ac12951476d36c0870dcb38a68719f8c4686609897c4"},
    {file = "lxml-6.0.0-pp310-pypy310_pp73-manylinux2014_x86_64.manylinux_2_17_x86_64.whl", hash = "sha256:db0efd6bae1c4730b9c863fc4f5f3c0fa3e8f05cae2c44ae141cb9dfc7d091dc"},
    {file = "lxml-6.0.0-pp310-pypy310_pp73-manylinux_2_27_aarch64.manylinux_2_28_aarch64.whl", hash = "sha256:9ab542c91f5a47aaa58abdd8ea84b498e8e49fe4b883d67800017757a3eb78e8"},
    {file = "lxml-6.0.0-pp310-pypy310_pp73-manylinux_2_27_x86_64.manylinux_2_28_x86_64.whl", hash = "sha256:013090383863b72c62a702d07678b658fa2567aa58d373d963cca245b017e065"},
    {file = "lxml-6.0.0-pp310-pypy310_pp73-win_amd64.whl", hash = "sha256:c86df1c9af35d903d2b52d22ea3e66db8058d21dc0f59842ca5deb0595921141"},
    {file = "lxml-6.0.0-pp39-pypy39_pp73-macosx_10_15_x86_64.whl", hash = "sha256:4337e4aec93b7c011f7ee2e357b0d30562edd1955620fdd4aeab6aacd90d43c5"},
    {file = "lxml-6.0.0-pp39-pypy39_pp73-manylinux2014_aarch64.manylinux_2_17_aarch64.whl", hash = "sha256:ae74f7c762270196d2dda56f8dd7309411f08a4084ff2dfcc0b095a218df2e06"},
    {file = "lxml-6.0.0-pp39-pypy39_pp73-manylinux2014_x86_64.manylinux_2_17_x86_64.whl", hash = "sha256:059c4cbf3973a621b62ea3132934ae737da2c132a788e6cfb9b08d63a0ef73f9"},
    {file = "lxml-6.0.0-pp39-pypy39_pp73-manylinux_2_27_aarch64.manylinux_2_28_aarch64.whl", hash = "sha256:17f090a9bc0ce8da51a5632092f98a7e7f84bca26f33d161a98b57f7fb0004ca"},
    {file = "lxml-6.0.0-pp39-pypy39_pp73-manylinux_2_27_x86_64.manylinux_2_28_x86_64.whl", hash = "sha256:9da022c14baeec36edfcc8daf0e281e2f55b950249a455776f0d1adeeada4734"},
    {file = "lxml-6.0.0-pp39-pypy39_pp73-win_amd64.whl", hash = "sha256:a55da151d0b0c6ab176b4e761670ac0e2667817a1e0dadd04a01d0561a219349"},
    {file = "lxml-6.0.0.tar.gz", hash = "sha256:032e65120339d44cdc3efc326c9f660f5f7205f3a535c1fdbf898b29ea01fb72"},
]

[package.extras]
cssselect = ["cssselect (>=0.7)"]
html-clean = ["lxml_html_clean"]
html5 = ["html5lib"]
htmlsoup = ["BeautifulSoup4"]

[[package]]
name = "python-dotenv"
version = "1.1.1"
description = "Read key-value pairs from a .env file and set them as environment variables"
optional = false
python-versions = ">=3.9"
groups = ["main"]
files = [
    {file = "python_dotenv-1.1.1-py3-none-any.whl", hash = "sha256:31f23644fe2602f88ff55e1f5c79ba497e01224ee7737937930c448e4d0e24dc"},
    {file = "python_dotenv-1.1.1.tar.gz", hash = "sha256:a8a6399716257f45be6a007360200409fce5cda2661e3dec71d23dc15f6189ab"},
]

[package.extras]
cli = ["click (>=5.0)"]

[[package]]
name = "python-telegram-bot"
version = "22.3"
description = "We have made you a wrapper you can't refuse"
optional = false
python-versions = ">=3.9"
groups = ["main"]
files = [
    {file = "python_telegram_bot-22.3-py3-none-any.whl", hash = "sha256:88fab2d1652dbfd5379552e8b904d86173c524fdb9270d3a8685f599ffe0299f"},
    {file = "python_telegram_bot-22.3.tar.gz", hash = "sha256:513d5ab9db96dcf25272dad0a726555e80edf60d09246a7d0d425b77115f5440"},
]

[package.dependencies]
httpx = ">=0.27,<0.29"

[package.extras]
all = ["aiolimiter (>=1.1,<1.3)", "apscheduler (>=3.10.4,<3.12.0)", "cachetools (>=5.3.3,<6.2.0)", "cffi (>=1.17.0rc1) ; python_version > \"3.12\"", "cryptography (>=39.0.1)", "httpx[http2]", "httpx[socks]", "tornado (>=6.5,<7.0)"]
callback-data = ["cachetools (>=5.3.3,<6.2.0)"]
ext = ["aiolimiter (>=1.1,<1.3)", "apscheduler (>=3.10.4,<3.12.0)", "cachetools (>=5.3.3,<6.2.0)", "tornado (>=6.5,<7.0)"]
http2 = ["httpx[http2]"]
job-queue = ["apscheduler (>=3.10.4,<3.12.0)"]
passport = ["cffi (>=1.17.0rc1) ; python_version > \"3.12\"", "cryptography (>=39.0.1)"]
rate-limiter = ["aiolimiter (>=1.1,<1.3)"]
socks = ["httpx[socks]"]
webhooks = ["tornado (>=6.5,<7.0)"]

[[package]]
name = "sniffio"
version = "1.3.1"
description = "Sniff out which async library your code is running under"
optional = false
python-versions = ">=3.7"
groups = ["main"]
files = [
    {file = "sniffio-1.3.1-py3-none-any.whl", hash = "sha256:2f6da418d1f1e0fddd844478f41680e794e6051915791a034ff65e5f100525a2"},
    {file = "sniffio-1.3.1.tar.gz", hash = "sha256:f4324edc670a0f49750a81b895f35c3adb843cca46f0530f79fc1babb23789dc"},
]

[[package]]
name = "sqlalchemy"
version = "2.0.43"
description = "Database Abstraction Library"
optional = false
python-versions = ">=3.7"
groups = ["main"]
files = [
    {file = "SQLAlchemy-2.0.43-cp37-cp37m-macosx_10_9_x86_64.whl", hash = "sha256:21ba7a08a4253c5825d1db389d4299f64a100ef9800e4624c8bf70d8f136e6ed"},
    {file = "SQLAlchemy-2.0.43-cp37-cp37m-manylinux_2_17_aarch64.manylinux2014_aarch64.whl", hash = "sha256:11b9503fa6f8721bef9b8567730f664c5a5153d25e247aadc69247c4bc605227"},
    {file = "SQLAlchemy-2.0.43-cp37-cp37m-manylinux_2_17_x86_64.manylinux2014_x86_64.whl", hash = "sha256:07097c0a1886c150ef2adba2ff7437e84d40c0f7dcb44a2c2b9c905ccfc6361c"},
    {file = "SQLAlchemy-2.0.43-cp37-cp37m-musllinux_1_2_aarch64.whl", hash = "sha256:cdeff998cb294896a34e5b2f00e383e7c5c4ef3b4bfa375d9104723f15186443"},
    {file = "SQLAlchemy-2.0.43-cp37-cp37m-musllinux_1_2_x86_64.whl", hash = "sha256:bcf0724a62a5670e5718957e05c56ec2d6850267ea859f8ad2481838f889b42c"},
    {file = "SQLAlchemy-2.0.43-cp37-cp37m-win32.whl", hash = "sha256:c697575d0e2b0a5f0433f679bda22f63873821d991e95a90e9e52aae517b2e32"},
    {file = "SQLAlchemy-2.0.43-cp37-cp37m-win_amd64.whl", hash = "sha256:d34c0f6dbefd2e816e8f341d0df7d4763d382e3f452423e752ffd1e213da2512"},
    {file = "sqlalchemy-2.0.43-cp310-cp310-macosx_10_9_x86_64.whl", hash = "sha256:70322986c0c699dca241418fcf18e637a4369e0ec50540a2b907b184c8bca069"},
    {file = "sqlalchemy-2.0.43-cp310-cp310-macosx_11_0_arm64.whl", hash = "sha256:87accdbba88f33efa7b592dc2e8b2a9c2cdbca73db2f9d5c510790428c09c154"},
    {file = "sqlalchemy-2.0.43-cp310-cp310-manylinux_2_17_aarch64.manylinux2014_aarch64.whl", hash = "sha256:c00e7845d2f692ebfc7d5e4ec1a3fd87698e4337d09e58d6749a16aedfdf8612"},
    {file = "sqlalchemy-2.0.43-cp310-cp310-manylinux_2_17_x86_64.manylinux2014_x86_64.whl", hash = "sha256:022e436a1cb39b13756cf93b48ecce7aa95382b9cfacceb80a7d263129dfd019"},
    {file = "sqlalchemy-2.0.43-cp310-cp310-musllinux_1_2_aarch64.whl", hash = "sha256:c5e73ba0d76eefc82ec0219d2301cb33bfe5205ed7a2602523111e2e56ccbd20"},
    {file = "sqlalchemy-2.0.43-cp310-cp310-musllinux_1_2_x86_64.whl", hash = "sha256:9c2e02f06c68092b875d5cbe4824238ab93a7fa35d9c38052c033f7ca45daa18"},
    {file = "sqlalchemy-2.0.43-cp310-cp310-win32.whl", hash = "sha256:e7a903b5b45b0d9fa03ac6a331e1c1d6b7e0ab41c63b6217b3d10357b83c8b00"},
    {file = "sqlalchemy-2.0.43-cp310-cp310-win_amd64.whl", hash = "sha256:4bf0edb24c128b7be0c61cd17eef432e4bef507013292415f3fb7023f02b7d4b"},
    {file = "sqlalchemy-2.0.43-cp311-cp311-macosx_10_9_x86_64.whl", hash = "sha256:52d9b73b8fb3e9da34c2b31e6d99d60f5f99fd8c1225c9dad24aeb74a91e1d29"},
    {file = "sqlalchemy-2.0.43-cp311-cp311-macosx_11_0_arm64.whl", hash = "sha256:f42f23e152e4545157fa367b2435a1ace7571cab016ca26038867eb7df2c3631"},
    {file = "sqlalchemy-2.0.43-cp311-cp311-manylinux_2_17_aarch64.manylinux2014_aarch64.whl", hash = "sha256:4fb1a8c5438e0c5ea51afe9c6564f951525795cf432bed0c028c1cb081276685"},
    {file = "sqlalchemy-2.0.43-cp311-cp311-manylinux_2_17_x86_64.manylinux2014_x86_64.whl", hash = "sha256:db691fa174e8f7036afefe3061bc40ac2b770718be2862bfb03aabae09051aca"},
    {file = "sqlalchemy-2.0.43-cp311-cp311-musllinux_1_2_aarch64.whl", hash = "sha256:fe2b3b4927d0bc03d02ad883f402d5de201dbc8894ac87d2e981e7d87430e60d"},
    {file = "sqlalchemy-2.0.43-cp311-cp311-musllinux_1_2_x86_64.whl", hash = "sha256:4d3d9b904ad4a6b175a2de0738248822f5ac410f52c2fd389ada0b5262d6a1e3"},
    {file = "sqlalchemy-2.0.43-cp311-cp311-win32.whl", hash = "sha256:5cda6b51faff2639296e276591808c1726c4a77929cfaa0f514f30a5f6156921"},
    {file = "sqlalchemy-2.0.43-cp311-cp311-win_amd64.whl", hash = "sha256:c5d1730b25d9a07727d20ad74bc1039bbbb0a6ca24e6769861c1aa5bf2c4c4a8"},
    {file = "sqlalchemy-2.0.43-cp312-cp312-macosx_10_13_x86_64.whl", hash = "sha256:20d81fc2736509d7a2bd33292e489b056cbae543661bb7de7ce9f1c0cd6e7f24"},
    {file = "sqlalchemy-2.0.43-cp312-cp312-macosx_11_0_arm64.whl", hash = "sha256:25b9fc27650ff5a2c9d490c13c14906b918b0de1f8fcbb4c992712d8caf40e83"},
    {file = "sqlalchemy-2.0.43-cp312-cp312-manylinux_2_17_aarch64.manylinux2014_aarch64.whl", hash = "sha256:6772e3ca8a43a65a37c88e2f3e2adfd511b0b1da37ef11ed78dea16aeae85bd9"},
    {file = "sqlalchemy-2.0.43-cp312-cp312-manylinux_2_17_x86_64.manylinux2014_x86_64.whl", hash = "sha256:1a113da919c25f7f641ffbd07fbc9077abd4b3b75097c888ab818f962707eb48"},
    {file = "sqlalchemy-2.0.43-cp312-cp312-musllinux_1_2_aarch64.whl", hash = "sha256:4286a1139f14b7d70141c67a8ae1582fc2b69105f1b09d9573494eb4bb4b2687"},
    {file = "sqlalchemy-2.0.43-cp312-cp312-musllinux_1_2_x86_64.whl", hash = "sha256:529064085be2f4d8a6e5fab12d36ad44f1909a18848fcfbdb59cc6d4bbe48efe"},
    {file = "sqlalchemy-2.0.43-cp312-cp312-win32.whl", hash = "sha256:b535d35dea8bbb8195e7e2b40059e2253acb2b7579b73c1b432a35363694641d"},
    {file = "sqlalchemy-2.0.43-cp312-cp312-win_amd64.whl", hash = "sha256:1c6d85327ca688dbae7e2b06d7d84cfe4f3fffa5b5f9e21bb6ce9d0e1a0e0e0a"},
    {file = "sqlalchemy-2.0.43-cp313-cp313-macosx_10_13_x86_64.whl", hash = "sha256:e7c08f57f75a2bb62d7ee80a89686a5e5669f199235c6d1dac75cd59374091c3"},
    {file = "sqlalchemy-2.0.43-cp313-cp313-macosx_11_0_arm64.whl", hash = "sha256:14111d22c29efad445cd5021a70a8b42f7d9152d8ba7f73304c4d82460946aaa"},
    {file = "sqlalchemy-2.0.43-cp313-cp313-manylinux_2_17_aarch64.manylinux2014_aarch64.whl", hash = "sha256:21b27b56eb2f82653168cefe6cb8e970cdaf4f3a6cb2c5e3c3c1cf3158968ff9"},
    {file = "sqlalchemy-2.0.43-cp313-cp313-manylinux_2_17_x86_64.manylinux2014_x86_64.whl", hash = "sha256:9c5a9da957c56e43d72126a3f5845603da00e0293720b03bde0aacffcf2dc04f"},
    {file = "sqlalchemy-2.0.43-cp313-cp313-musllinux_1_2_aarch64.whl", hash = "sha256:5d79f9fdc9584ec83d1b3c75e9f4595c49017f5594fee1a2217117647225d738"},
    {file = "sqlalchemy-2.0.43-cp313-cp313-musllinux_1_2_x86_64.whl", hash = "sha256:9df7126fd9db49e3a5a3999442cc67e9ee8971f3cb9644250107d7296cb2a164"},
    {file = "sqlalchemy-2.0.43-cp313-cp313-win32.whl", hash = "sha256:7f1ac7828857fcedb0361b48b9ac4821469f7694089d15550bbcf9ab22564a1d"},
    {file = "sqlalchemy-2.0.43-cp313-cp313-win_amd64.whl", hash = "sha256:971ba928fcde01869361f504fcff3b7143b47d30de188b11c6357c0505824197"},
    {file = "sqlalchemy-2.0.43-cp38-cp38-macosx_10_9_x86_64.whl", hash = "sha256:4e6aeb2e0932f32950cf56a8b4813cb15ff792fc0c9b3752eaf067cfe298496a"},
    {file = "sqlalchemy-2.0.43-cp38-cp38-macosx_11_0_arm64.whl", hash = "sha256:61f964a05356f4bca4112e6334ed7c208174511bd56e6b8fc86dad4d024d4185"},
    {file = "sqlalchemy-2.0.43-cp38-cp38-manylinux_2_17_aarch64.manylinux2014_aarch64.whl", hash = "sha256:46293c39252f93ea0910aababa8752ad628bcce3a10d3f260648dd472256983f"},
    {file = "sqlalchemy-2.0.43-cp38-cp38-manylinux_2_17_x86_64.manylinux2014_x86_64.whl", hash = "sha256:136063a68644eca9339d02e6693932116f6a8591ac013b0014479a1de664e40a"},
    {file = "sqlalchemy-2.0.43-cp38-cp38-musllinux_1_2_aarch64.whl", hash = "sha256:6e2bf13d9256398d037fef09fd8bf9b0bf77876e22647d10761d35593b9ac547"},
    {file = "sqlalchemy-2.0.43-cp38-cp38-musllinux_1_2_x86_64.whl", hash = "sha256:44337823462291f17f994d64282a71c51d738fc9ef561bf265f1d0fd9116a782"},
    {file = "sqlalchemy-2.0.43-cp38-cp38-win32.whl", hash = "sha256:13194276e69bb2af56198fef7909d48fd34820de01d9c92711a5fa45497cc7ed"},
    {file = "sqlalchemy-2.0.43-cp38-cp38-win_amd64.whl", hash = "sha256:334f41fa28de9f9be4b78445e68530da3c5fa054c907176460c81494f4ae1f5e"},
    {file = "sqlalchemy-2.0.43-cp39-cp39-macosx_10_9_x86_64.whl", hash = "sha256:ceb5c832cc30663aeaf5e39657712f4c4241ad1f638d487ef7216258f6d41fe7"},
    {file = "sqlalchemy-2.0.43-cp39-cp39-macosx_11_0_arm64.whl", hash = "sha256:11f43c39b4b2ec755573952bbcc58d976779d482f6f832d7f33a8d869ae891bf"},
    {file = "sqlalchemy-2.0.43-cp39-cp39-manylinux_2_17_aarch64.manylinux2014_aarch64.whl", hash = "sha256:413391b2239db55be14fa4223034d7e13325a1812c8396ecd4f2c08696d5ccad"},
    {file = "sqlalchemy-2.0.43-cp39-cp39-manylinux_2_17_x86_64.manylinux2014_x86_64.whl", hash = "sha256:c379e37b08c6c527181a397212346be39319fb64323741d23e46abd97a400d34"},
    {file = "sqlalchemy-2.0.43-cp39-cp39-musllinux_1_2_aarch64.whl", hash = "sha256:03d73ab2a37d9e40dec4984d1813d7878e01dbdc742448d44a7341b7a9f408c7"},
    {file = "sqlalchemy-2.0.43-cp39-cp39-musllinux_1_2_x86_64.whl", hash = "sha256:8cee08f15d9e238ede42e9bbc1d6e7158d0ca4f176e4eab21f88ac819ae3bd7b"},
    {file = "sqlalchemy-2.0.43-cp39-cp39-win32.whl", hash = "sha256:b3edaec7e8b6dc5cd94523c6df4f294014df67097c8217a89929c99975811414"},
    {file = "sqlalchemy-2.0.43-cp39-cp39-win_amd64.whl", hash = "sha256:227119ce0a89e762ecd882dc661e0aa677a690c914e358f0dd8932a2e8b2765b"},
    {file = "sqlalchemy-2.0.43-py3-none-any.whl", hash = "sha256:1681c21dd2ccee222c2fe0bef671d1aef7c504087c9c4e800371cfcc8ac966fc"},
    {file = "sqlalchemy-2.0.43.tar.gz", hash = "sha256:788bfcef6787a7764169cfe9859fe425bf44559619e1d9f56f5bddf2ebf6f417"},
]

[package.dependencies]
greenlet = {version = ">=1", markers = "python_version < \"3.14\" and (platform_machine == \"aarch64\" or platform_machine == \"ppc64le\" or platform_machine == \"x86_64\" or platform_machine == \"amd64\" or platform_machine == \"AMD64\" or platform_machine == \"win32\" or platform_machine == \"WIN32\")"}
typing-extensions = ">=4.6.0"

[package.extras]
aiomysql = ["aiomysql (>=0.2.0)", "greenlet (>=1)"]
aioodbc = ["aioodbc", "greenlet (>=1)"]
aiosqlite = ["aiosqlite", "greenlet (>=1)", "typing_extensions (!=3.10.0.1)"]
asyncio = ["greenlet (>=1)"]
asyncmy = ["asyncmy (>=0.2.3,!=0.2.4,!=0.2.6)", "greenlet (>=1)"]
mariadb-connector = ["mariadb (>=1.0.1,!=1.1.2,!=1.1.5,!=1.1.10)"]
mssql = ["pyodbc"]
mssql-pymssql = ["pymssql"]
mssql-pyodbc = ["pyodbc"]
mypy = ["mypy (>=0.910)"]
mysql = ["mysqlclient (>=1.4.0)"]
mysql-connector = ["mysql-connector-python"]
oracle = ["cx_oracle (>=8)"]
oracle-oracledb = ["oracledb (>=1.0.1)"]
postgresql = ["psycopg2 (>=2.7)"]
postgresql-asyncpg = ["asyncpg", "greenlet (>=1)"]
postgresql-pg8000 = ["pg8000 (>=1.29.1)"]
postgresql-psycopg = ["psycopg (>=3.0.7)"]
postgresql-psycopg2binary = ["psycopg2-binary"]
postgresql-psycopg2cffi = ["psycopg2cffi"]
postgresql-psycopgbinary = ["psycopg[binary] (>=3.0.7)"]
pymysql = ["pymysql"]
sqlcipher = ["sqlcipher3_binary"]

[[package]]
name = "typing-extensions"
version = "4.14.1"
description = "Backported and Experimental Type Hints for Python 3.9+"
optional = false
python-versions = ">=3.9"
groups = ["main"]
files = [
    {file = "typing_extensions-4.14.1-py3-none-any.whl", hash = "sha256:d1e1e3b58374dc93031d6eda2420a48ea44a36c2b4766a4fdeb3710755731d76"},
    {file = "typing_extensions-4.14.1.tar.gz", hash = "sha256:38b39f4aeeab64884ce9f74c94263ef78f3c22467c8724005483154c26648d36"},
]

[metadata]
lock-version = "2.1"
python-versions = ">=3.11"
content-hash = "505b788a7005fbf5ab9891de4730da0f4419e9660376d5a5c2bb41e1a9eb9f97"
